<Solution>
    <Folder Name="/src/">
        <Project Path="src/Vault.SDK.Net8/Vault.SDK.Net8.csproj" />
    </Folder>
    <Folder Name="/src/Dummy/">
        <Project Path="src/Vault.Dummy.Web.SDK.Net8/Vault.Dummy.Web.SDK.Net8.csproj" />
        <Project Path="src/Vault.Dummy.Web/Vault.Dummy.Web.csproj" />
    </Folder> 
</Solution>
